// !$*UTF8*$!
{
	archiveVersion = 1;
	classes = {
	};
	objectVersion = 46;
	objects = {

/* Begin PBXBuildFile section */
		39271B641B4589B100E108AC /* HamburgerMenu.h in Headers */ = {isa = PBXBuildFile; fileRef = 39271B631B4589B100E108AC /* HamburgerMenu.h */; settings = {ATTRIBUTES = (Public, ); }; };
		39271BC71B458DDC00E108AC /* HamburgerIconWithTitleAndBadgeItem.swift in Sources */ = {isa = PBXBuildFile; fileRef = 39271BBF1B458DDC00E108AC /* HamburgerIconWithTitleAndBadgeItem.swift */; };
		39271BC81B458DDC00E108AC /* HamburgerIconWithTitleItem.swift in Sources */ = {isa = PBXBuildFile; fileRef = 39271BC01B458DDC00E108AC /* HamburgerIconWithTitleItem.swift */; };
		39271BC91B458DDC00E108AC /* HamburgerItem.swift in Sources */ = {isa = PBXBuildFile; fileRef = 39271BC11B458DDC00E108AC /* HamburgerItem.swift */; };
		39271BCA1B458DDC00E108AC /* HamburgerItemIcon.swift in Sources */ = {isa = PBXBuildFile; fileRef = 39271BC21B458DDC00E108AC /* HamburgerItemIcon.swift */; };
		39271BCB1B458DDC00E108AC /* HamburgerLabelItem.swift in Sources */ = {isa = PBXBuildFile; fileRef = 39271BC31B458DDC00E108AC /* HamburgerLabelItem.swift */; };
		39271BCC1B458DDC00E108AC /* HamburgerMenu.swift in Sources */ = {isa = PBXBuildFile; fileRef = 39271BC41B458DDC00E108AC /* HamburgerMenu.swift */; };
		39271BCD1B458DDC00E108AC /* HamburgerRoundImageItem.swift in Sources */ = {isa = PBXBuildFile; fileRef = 39271BC51B458DDC00E108AC /* HamburgerRoundImageItem.swift */; };
		39271BCE1B458DDC00E108AC /* HamburgerViewController.swift in Sources */ = {isa = PBXBuildFile; fileRef = 39271BC61B458DDC00E108AC /* HamburgerViewController.swift */; };
		39271BD21B458E1600E108AC /* SwallowView.swift in Sources */ = {isa = PBXBuildFile; fileRef = 39271BCF1B458E1600E108AC /* SwallowView.swift */; };
		39271BD31B458E1600E108AC /* UIImageEffects.swift in Sources */ = {isa = PBXBuildFile; fileRef = 39271BD01B458E1600E108AC /* UIImageEffects.swift */; };
		39271BD41B458E1600E108AC /* UIUtilities.swift in Sources */ = {isa = PBXBuildFile; fileRef = 39271BD11B458E1600E108AC /* UIUtilities.swift */; };
		ED31F3A31B548C5D0030B614 /* WeakArray.swift in Sources */ = {isa = PBXBuildFile; fileRef = ED31F3A21B548C5D0030B614 /* WeakArray.swift */; };
		ED31F3C41B5537070030B614 /* HamburgerBadge.swift in Sources */ = {isa = PBXBuildFile; fileRef = ED31F3C31B5537070030B614 /* HamburgerBadge.swift */; };
/* End PBXBuildFile section */

/* Begin PBXFileReference section */
		39271B5E1B4589B100E108AC /* HamburgerMenu.framework */ = {isa = PBXFileReference; explicitFileType = wrapper.framework; includeInIndex = 0; path = HamburgerMenu.framework; sourceTree = BUILT_PRODUCTS_DIR; };
		39271B621B4589B100E108AC /* Info.plist */ = {isa = PBXFileReference; lastKnownFileType = text.plist.xml; path = Info.plist; sourceTree = "<group>"; };
		39271B631B4589B100E108AC /* HamburgerMenu.h */ = {isa = PBXFileReference; lastKnownFileType = sourcecode.c.h; path = HamburgerMenu.h; sourceTree = "<group>"; };
		39271BBF1B458DDC00E108AC /* HamburgerIconWithTitleAndBadgeItem.swift */ = {isa = PBXFileReference; fileEncoding = 4; lastKnownFileType = sourcecode.swift; path = HamburgerIconWithTitleAndBadgeItem.swift; sourceTree = "<group>"; };
		39271BC01B458DDC00E108AC /* HamburgerIconWithTitleItem.swift */ = {isa = PBXFileReference; fileEncoding = 4; lastKnownFileType = sourcecode.swift; path = HamburgerIconWithTitleItem.swift; sourceTree = "<group>"; };
		39271BC11B458DDC00E108AC /* HamburgerItem.swift */ = {isa = PBXFileReference; fileEncoding = 4; lastKnownFileType = sourcecode.swift; path = HamburgerItem.swift; sourceTree = "<group>"; };
		39271BC21B458DDC00E108AC /* HamburgerItemIcon.swift */ = {isa = PBXFileReference; fileEncoding = 4; lastKnownFileType = sourcecode.swift; path = HamburgerItemIcon.swift; sourceTree = "<group>"; };
		39271BC31B458DDC00E108AC /* HamburgerLabelItem.swift */ = {isa = PBXFileReference; fileEncoding = 4; lastKnownFileType = sourcecode.swift; path = HamburgerLabelItem.swift; sourceTree = "<group>"; };
		39271BC41B458DDC00E108AC /* HamburgerMenu.swift */ = {isa = PBXFileReference; fileEncoding = 4; lastKnownFileType = sourcecode.swift; path = HamburgerMenu.swift; sourceTree = "<group>"; };
		39271BC51B458DDC00E108AC /* HamburgerRoundImageItem.swift */ = {isa = PBXFileReference; fileEncoding = 4; lastKnownFileType = sourcecode.swift; path = HamburgerRoundImageItem.swift; sourceTree = "<group>"; };
		39271BC61B458DDC00E108AC /* HamburgerViewController.swift */ = {isa = PBXFileReference; fileEncoding = 4; lastKnownFileType = sourcecode.swift; path = HamburgerViewController.swift; sourceTree = "<group>"; };
		39271BCF1B458E1600E108AC /* SwallowView.swift */ = {isa = PBXFileReference; fileEncoding = 4; lastKnownFileType = sourcecode.swift; name = SwallowView.swift; path = Utilities/SwallowView.swift; sourceTree = "<group>"; };
		39271BD01B458E1600E108AC /* UIImageEffects.swift */ = {isa = PBXFileReference; fileEncoding = 4; lastKnownFileType = sourcecode.swift; name = UIImageEffects.swift; path = Utilities/UIImageEffects.swift; sourceTree = "<group>"; };
		39271BD11B458E1600E108AC /* UIUtilities.swift */ = {isa = PBXFileReference; fileEncoding = 4; lastKnownFileType = sourcecode.swift; name = UIUtilities.swift; path = Utilities/UIUtilities.swift; sourceTree = "<group>"; };
		ED31F3A21B548C5D0030B614 /* WeakArray.swift */ = {isa = PBXFileReference; fileEncoding = 4; lastKnownFileType = sourcecode.swift; name = WeakArray.swift; path = Utilities/WeakArray.swift; sourceTree = "<group>"; };
		ED31F3C31B5537070030B614 /* HamburgerBadge.swift */ = {isa = PBXFileReference; fileEncoding = 4; lastKnownFileType = sourcecode.swift; path = HamburgerBadge.swift; sourceTree = "<group>"; };
/* End PBXFileReference section */

/* Begin PBXFrameworksBuildPhase section */
		39271B5A1B4589B100E108AC /* Frameworks */ = {
			isa = PBXFrameworksBuildPhase;
			buildActionMask = 2147483647;
			files = (
			);
			runOnlyForDeploymentPostprocessing = 0;
		};
/* End PBXFrameworksBuildPhase section */

/* Begin PBXGroup section */
		39271B541B4589B100E108AC = {
			isa = PBXGroup;
			children = (
				39271B601B4589B100E108AC /* HamburgerMenu */,
				39271B5F1B4589B100E108AC /* Products */,
			);
			sourceTree = "<group>";
		};
		39271B5F1B4589B100E108AC /* Products */ = {
			isa = PBXGroup;
			children = (
				39271B5E1B4589B100E108AC /* HamburgerMenu.framework */,
			);
			name = Products;
			sourceTree = "<group>";
		};
		39271B601B4589B100E108AC /* HamburgerMenu */ = {
			isa = PBXGroup;
			children = (
				39271B631B4589B100E108AC /* HamburgerMenu.h */,
				ED31F3C31B5537070030B614 /* HamburgerBadge.swift */,
				39271BBF1B458DDC00E108AC /* HamburgerIconWithTitleAndBadgeItem.swift */,
				39271BC01B458DDC00E108AC /* HamburgerIconWithTitleItem.swift */,
				39271BC11B458DDC00E108AC /* HamburgerItem.swift */,
				39271BC21B458DDC00E108AC /* HamburgerItemIcon.swift */,
				39271BC31B458DDC00E108AC /* HamburgerLabelItem.swift */,
				39271BC41B458DDC00E108AC /* HamburgerMenu.swift */,
				39271BC51B458DDC00E108AC /* HamburgerRoundImageItem.swift */,
				39271BC61B458DDC00E108AC /* HamburgerViewController.swift */,
				39271B921B458BCA00E108AC /* Utilities */,
				39271B611B4589B100E108AC /* Supporting Files */,
			);
			path = HamburgerMenu;
			sourceTree = "<group>";
		};
		39271B611B4589B100E108AC /* Supporting Files */ = {
			isa = PBXGroup;
			children = (
				39271B621B4589B100E108AC /* Info.plist */,
			);
			name = "Supporting Files";
			sourceTree = "<group>";
		};
		39271B921B458BCA00E108AC /* Utilities */ = {
			isa = PBXGroup;
			children = (
				ED31F3A21B548C5D0030B614 /* WeakArray.swift */,
				39271BCF1B458E1600E108AC /* SwallowView.swift */,
				39271BD01B458E1600E108AC /* UIImageEffects.swift */,
				39271BD11B458E1600E108AC /* UIUtilities.swift */,
			);
			name = Utilities;
			sourceTree = "<group>";
		};
/* End PBXGroup section */

/* Begin PBXHeadersBuildPhase section */
		39271B5B1B4589B100E108AC /* Headers */ = {
			isa = PBXHeadersBuildPhase;
			buildActionMask = 2147483647;
			files = (
				39271B641B4589B100E108AC /* HamburgerMenu.h in Headers */,
			);
			runOnlyForDeploymentPostprocessing = 0;
		};
/* End PBXHeadersBuildPhase section */

/* Begin PBXNativeTarget section */
		39271B5D1B4589B100E108AC /* HamburgerMenu */ = {
			isa = PBXNativeTarget;
			buildConfigurationList = 39271B741B4589B100E108AC /* Build configuration list for PBXNativeTarget "HamburgerMenu" */;
			buildPhases = (
				39271B591B4589B100E108AC /* Sources */,
				39271B5A1B4589B100E108AC /* Frameworks */,
				39271B5B1B4589B100E108AC /* Headers */,
				39271B5C1B4589B100E108AC /* Resources */,
			);
			buildRules = (
			);
			dependencies = (
			);
			name = HamburgerMenu;
			productName = HamburgerMenu;
			productReference = 39271B5E1B4589B100E108AC /* HamburgerMenu.framework */;
			productType = "com.apple.product-type.framework";
		};
/* End PBXNativeTarget section */

/* Begin PBXProject section */
		39271B551B4589B100E108AC /* Project object */ = {
			isa = PBXProject;
			attributes = {
				LastUpgradeCheck = 0630;
				ORGANIZATIONNAME = i.kolpachkov;
				TargetAttributes = {
					39271B5D1B4589B100E108AC = {
						CreatedOnToolsVersion = 6.3.2;
					};
				};
			};
			buildConfigurationList = 39271B581B4589B100E108AC /* Build configuration list for PBXProject "HamburgerMenu" */;
			compatibilityVersion = "Xcode 3.2";
			developmentRegion = English;
			hasScannedForEncodings = 0;
			knownRegions = (
				en,
			);
			mainGroup = 39271B541B4589B100E108AC;
			productRefGroup = 39271B5F1B4589B100E108AC /* Products */;
			projectDirPath = "";
			projectRoot = "";
			targets = (
				39271B5D1B4589B100E108AC /* HamburgerMenu */,
			);
		};
/* End PBXProject section */

/* Begin PBXResourcesBuildPhase section */
		39271B5C1B4589B100E108AC /* Resources */ = {
			isa = PBXResourcesBuildPhase;
			buildActionMask = 2147483647;
			files = (
			);
			runOnlyForDeploymentPostprocessing = 0;
		};
/* End PBXResourcesBuildPhase section */

/* Begin PBXSourcesBuildPhase section */
		39271B591B4589B100E108AC /* Sources */ = {
			isa = PBXSourcesBuildPhase;
			buildActionMask = 2147483647;
			files = (
				39271BD31B458E1600E108AC /* UIImageEffects.swift in Sources */,
				ED31F3A31B548C5D0030B614 /* WeakArray.swift in Sources */,
				39271BD21B458E1600E108AC /* SwallowView.swift in Sources */,
				39271BC91B458DDC00E108AC /* HamburgerItem.swift in Sources */,
				39271BC81B458DDC00E108AC /* HamburgerIconWithTitleItem.swift in Sources */,
				39271BC71B458DDC00E108AC /* HamburgerIconWithTitleAndBadgeItem.swift in Sources */,
				ED31F3C41B5537070030B614 /* HamburgerBadge.swift in Sources */,
				39271BCD1B458DDC00E108AC /* HamburgerRoundImageItem.swift in Sources */,
				39271BCC1B458DDC00E108AC /* HamburgerMenu.swift in Sources */,
				39271BCA1B458DDC00E108AC /* HamburgerItemIcon.swift in Sources */,
				39271BD41B458E1600E108AC /* UIUtilities.swift in Sources */,
				39271BCE1B458DDC00E108AC /* HamburgerViewController.swift in Sources */,
				39271BCB1B458DDC00E108AC /* HamburgerLabelItem.swift in Sources */,
			);
			runOnlyForDeploymentPostprocessing = 0;
		};
/* End PBXSourcesBuildPhase section */

/* Begin XCBuildConfiguration section */
		39271B721B4589B100E108AC /* Debug */ = {
			isa = XCBuildConfiguration;
			buildSettings = {
				ALWAYS_SEARCH_USER_PATHS = NO;
				CLANG_CXX_LANGUAGE_STANDARD = "gnu++0x";
				CLANG_CXX_LIBRARY = "libc++";
				CLANG_ENABLE_MODULES = YES;
				CLANG_ENABLE_OBJC_ARC = YES;
				CLANG_WARN_BOOL_CONVERSION = YES;
				CLANG_WARN_CONSTANT_CONVERSION = YES;
				CLANG_WARN_DIRECT_OBJC_ISA_USAGE = YES_ERROR;
				CLANG_WARN_EMPTY_BODY = YES;
				CLANG_WARN_ENUM_CONVERSION = YES;
				CLANG_WARN_INT_CONVERSION = YES;
				CLANG_WARN_OBJC_ROOT_CLASS = YES_ERROR;
				CLANG_WARN_UNREACHABLE_CODE = YES;
				CLANG_WARN__DUPLICATE_METHOD_MATCH = YES;
				"CODE_SIGN_IDENTITY[sdk=iphoneos*]" = "iPhone Developer";
				COPY_PHASE_STRIP = NO;
				CURRENT_PROJECT_VERSION = 1;
				DEBUG_INFORMATION_FORMAT = "dwarf-with-dsym";
				ENABLE_STRICT_OBJC_MSGSEND = YES;
				GCC_C_LANGUAGE_STANDARD = gnu99;
				GCC_DYNAMIC_NO_PIC = NO;
				GCC_NO_COMMON_BLOCKS = YES;
				GCC_OPTIMIZATION_LEVEL = 0;
				GCC_PREPROCESSOR_DEFINITIONS = (
					"DEBUG=1",
					"$(inherited)",
				);
				GCC_SYMBOLS_PRIVATE_EXTERN = NO;
				GCC_WARN_64_TO_32_BIT_CONVERSION = YES;
				GCC_WARN_ABOUT_RETURN_TYPE = YES_ERROR;
				GCC_WARN_UNDECLARED_SELECTOR = YES;
				GCC_WARN_UNINITIALIZED_AUTOS = YES_AGGRESSIVE;
				GCC_WARN_UNUSED_FUNCTION = YES;
				GCC_WARN_UNUSED_VARIABLE = YES;
				IPHONEOS_DEPLOYMENT_TARGET = 8.3;
				MTL_ENABLE_DEBUG_INFO = YES;
				ONLY_ACTIVE_ARCH = YES;
				SDKROOT = iphoneos;
				SWIFT_OPTIMIZATION_LEVEL = "-Onone";
				TARGETED_DEVICE_FAMILY = "1,2";
				VERSIONING_SYSTEM = "apple-generic";
				VERSION_INFO_PREFIX = "";
			};
			name = Debug;
		};
		39271B731B4589B100E108AC /* Release */ = {
			isa = XCBuildConfiguration;
			buildSettings = {
				ALWAYS_SEARCH_USER_PATHS = NO;
				CLANG_CXX_LANGUAGE_STANDARD = "gnu++0x";
				CLANG_CXX_LIBRARY = "libc++";
				CLANG_ENABLE_MODULES = YES;
				CLANG_ENABLE_OBJC_ARC = YES;
				CLANG_WARN_BOOL_CONVERSION = YES;
				CLANG_WARN_CONSTANT_CONVERSION = YES;
				CLANG_WARN_DIRECT_OBJC_ISA_USAGE = YES_ERROR;
				CLANG_WARN_EMPTY_BODY = YES;
				CLANG_WARN_ENUM_CONVERSION = YES;
				CLANG_WARN_INT_CONVERSION = YES;
				CLANG_WARN_OBJC_ROOT_CLASS = YES_ERROR;
				CLANG_WARN_UNREACHABLE_CODE = YES;
				CLANG_WARN__DUPLICATE_METHOD_MATCH = YES;
				"CODE_SIGN_IDENTITY[sdk=iphoneos*]" = "iPhone Developer";
				COPY_PHASE_STRIP = NO;
				CURRENT_PROJECT_VERSION = 1;
				DEBUG_INFORMATION_FORMAT = "dwarf-with-dsym";
				ENABLE_NS_ASSERTIONS = NO;
				ENABLE_STRICT_OBJC_MSGSEND = YES;
				GCC_C_LANGUAGE_STANDARD = gnu99;
				GCC_NO_COMMON_BLOCKS = YES;
				GCC_WARN_64_TO_32_BIT_CONVERSION = YES;
				GCC_WARN_ABOUT_RETURN_TYPE = YES_ERROR;
				GCC_WARN_UNDECLARED_SELECTOR = YES;
				GCC_WARN_UNINITIALIZED_AUTOS = YES_AGGRESSIVE;
				GCC_WARN_UNUSED_FUNCTION = YES;
				GCC_WARN_UNUSED_VARIABLE = YES;
				IPHONEOS_DEPLOYMENT_TARGET = 8.3;
				MTL_ENABLE_DEBUG_INFO = NO;
				SDKROOT = iphoneos;
				TARGETED_DEVICE_FAMILY = "1,2";
				VALIDATE_PRODUCT = YES;
				VERSIONING_SYSTEM = "apple-generic";
				VERSION_INFO_PREFIX = "";
			};
			name = Release;
		};
		39271B751B4589B100E108AC /* Debug */ = {
			isa = XCBuildConfiguration;
			buildSettings = {
				CLANG_ENABLE_MODULES = YES;
				DEFINES_MODULE = YES;
				DYLIB_COMPATIBILITY_VERSION = 1;
				DYLIB_CURRENT_VERSION = 1;
				DYLIB_INSTALL_NAME_BASE = "@rpath";
				INFOPLIST_FILE = HamburgerMenu/Info.plist;
				INSTALL_PATH = "$(LOCAL_LIBRARY_DIR)/Frameworks";
				LD_RUNPATH_SEARCH_PATHS = "$(inherited) @executable_path/Frameworks @loader_path/Frameworks";
				PRODUCT_NAME = "$(TARGET_NAME)";
				SKIP_INSTALL = YES;
				SWIFT_OPTIMIZATION_LEVEL = "-Onone";
			};
			name = Debug;
		};
		39271B761B4589B100E108AC /* Release */ = {
			isa = XCBuildConfiguration;
			buildSettings = {
				CLANG_ENABLE_MODULES = YES;
				DEFINES_MODULE = YES;
				DYLIB_COMPATIBILITY_VERSION = 1;
				DYLIB_CURRENT_VERSION = 1;
				DYLIB_INSTALL_NAME_BASE = "@rpath";
				INFOPLIST_FILE = HamburgerMenu/Info.plist;
				INSTALL_PATH = "$(LOCAL_LIBRARY_DIR)/Frameworks";
				LD_RUNPATH_SEARCH_PATHS = "$(inherited) @executable_path/Frameworks @loader_path/Frameworks";
				PRODUCT_NAME = "$(TARGET_NAME)";
				SKIP_INSTALL = YES;
			};
			name = Release;
		};
/* End XCBuildConfiguration section */

/* Begin XCConfigurationList section */
		39271B581B4589B100E108AC /* Build configuration list for PBXProject "HamburgerMenu" */ = {
			isa = XCConfigurationList;
			buildConfigurations = (
				39271B721B4589B100E108AC /* Debug */,
				39271B731B4589B100E108AC /* Release */,
			);
			defaultConfigurationIsVisible = 0;
			defaultConfigurationName = Release;
		};
		39271B741B4589B100E108AC /* Build configuration list for PBXNativeTarget "HamburgerMenu" */ = {
			isa = XCConfigurationList;
			buildConfigurations = (
				39271B751B4589B100E108AC /* Debug */,
				39271B761B4589B100E108AC /* Release */,
			);
			defaultConfigurationIsVisible = 0;
			defaultConfigurationName = Release;
		};
/* End XCConfigurationList section */
	};
	rootObject = 39271B551B4589B100E108AC /* Project object */;
}
